// !$*UTF8*$!
{
	archiveVersion = 1;
	classes = {
	};
	objectVersion = 56;
	objects = {

/* Begin PBXBuildFile section */
		EDBE3ECB2A12D065001A4660 /* Talker2App.swift in Sources */ = {isa = PBXBuildFile; fileRef = EDBE3ECA2A12D065001A4660 /* Talker2App.swift */; };
		EDBE3ECD2A12D065001A4660 /* ContentView.swift in Sources */ = {isa = PBXBuildFile; fileRef = EDBE3ECC2A12D065001A4660 /* ContentView.swift */; };
		EDBE3ECF2A12D066001A4660 /* Assets.xcassets in Resources */ = {isa = PBXBuildFile; fileRef = EDBE3ECE2A12D066001A4660 /* Assets.xcassets */; };
		EDBE3ED22A12D066001A4660 /* Preview Assets.xcassets in Resources */ = {isa = PBXBuildFile; fileRef = EDBE3ED12A12D066001A4660 /* Preview Assets.xcassets */; };
		EDBE3EDD2A12D066001A4660 /* Talker2Tests.swift in Sources */ = {isa = PBXBuildFile; fileRef = EDBE3EDC2A12D066001A4660 /* Talker2Tests.swift */; };
		EDBE3EE72A12D066001A4660 /* Talker2UITests.swift in Sources */ = {isa = PBXBuildFile; fileRef = EDBE3EE62A12D066001A4660 /* Talker2UITests.swift */; };
		EDBE3EE92A12D066001A4660 /* Talker2UITestsLaunchTests.swift in Sources */ = {isa = PBXBuildFile; fileRef = EDBE3EE82A12D066001A4660 /* Talker2UITestsLaunchTests.swift */; };
/* End PBXBuildFile section */

/* Begin PBXContainerItemProxy section */
		EDBE3ED92A12D066001A4660 /* PBXContainerItemProxy */ = {
			isa = PBXContainerItemProxy;
			containerPortal = EDBE3EBF2A12D065001A4660 /* Project object */;
			proxyType = 1;
			remoteGlobalIDString = EDBE3EC62A12D065001A4660;
			remoteInfo = Talker2;
		};
		EDBE3EE32A12D066001A4660 /* PBXContainerItemProxy */ = {
			isa = PBXContainerItemProxy;
			containerPortal = EDBE3EBF2A12D065001A4660 /* Project object */;
			proxyType = 1;
			remoteGlobalIDString = EDBE3EC62A12D065001A4660;
			remoteInfo = Talker2;
		};
/* End PBXContainerItemProxy section */

/* Begin PBXFileReference section */
		EDBE3EC72A12D065001A4660 /* Talker2.app */ = {isa = PBXFileReference; explicitFileType = wrapper.application; includeInIndex = 0; path = Talker2.app; sourceTree = BUILT_PRODUCTS_DIR; };
		EDBE3ECA2A12D065001A4660 /* Talker2App.swift */ = {isa = PBXFileReference; lastKnownFileType = sourcecode.swift; path = Talker2App.swift; sourceTree = "<group>"; };
		EDBE3ECC2A12D065001A4660 /* ContentView.swift */ = {isa = PBXFileReference; lastKnownFileType = sourcecode.swift; path = ContentView.swift; sourceTree = "<group>"; };
		EDBE3ECE2A12D066001A4660 /* Assets.xcassets */ = {isa = PBXFileReference; lastKnownFileType = folder.assetcatalog; path = Assets.xcassets; sourceTree = "<group>"; };
		EDBE3ED12A12D066001A4660 /* Preview Assets.xcassets */ = {isa = PBXFileReference; lastKnownFileType = folder.assetcatalog; path = "Preview Assets.xcassets"; sourceTree = "<group>"; };
		EDBE3ED32A12D066001A4660 /* Talker2.entitlements */ = {isa = PBXFileReference; lastKnownFileType = text.plist.entitlements; path = Talker2.entitlements; sourceTree = "<group>"; };
		EDBE3ED82A12D066001A4660 /* Talker2Tests.xctest */ = {isa = PBXFileReference; explicitFileType = wrapper.cfbundle; includeInIndex = 0; path = Talker2Tests.xctest; sourceTree = BUILT_PRODUCTS_DIR; };
		EDBE3EDC2A12D066001A4660 /* Talker2Tests.swift */ = {isa = PBXFileReference; lastKnownFileType = sourcecode.swift; path = Talker2Tests.swift; sourceTree = "<group>"; };
		EDBE3EE22A12D066001A4660 /* Talker2UITests.xctest */ = {isa = PBXFileReference; explicitFileType = wrapper.cfbundle; includeInIndex = 0; path = Talker2UITests.xctest; sourceTree = BUILT_PRODUCTS_DIR; };
		EDBE3EE62A12D066001A4660 /* Talker2UITests.swift */ = {isa = PBXFileReference; lastKnownFileType = sourcecode.swift; path = Talker2UITests.swift; sourceTree = "<group>"; };
		EDBE3EE82A12D066001A4660 /* Talker2UITestsLaunchTests.swift */ = {isa = PBXFileReference; lastKnownFileType = sourcecode.swift; path = Talker2UITestsLaunchTests.swift; sourceTree = "<group>"; };
/* End PBXFileReference section */

/* Begin PBXFrameworksBuildPhase section */
		EDBE3EC42A12D065001A4660 /* Frameworks */ = {
			isa = PBXFrameworksBuildPhase;
			buildActionMask = 2147483647;
			files = (
			);
			runOnlyForDeploymentPostprocessing = 0;
		};
		EDBE3ED52A12D066001A4660 /* Frameworks */ = {
			isa = PBXFrameworksBuildPhase;
			buildActionMask = 2147483647;
			files = (
			);
			runOnlyForDeploymentPostprocessing = 0;
		};
		EDBE3EDF2A12D066001A4660 /* Frameworks */ = {
			isa = PBXFrameworksBuildPhase;
			buildActionMask = 2147483647;
			files = (
			);
			runOnlyForDeploymentPostprocessing = 0;
		};
/* End PBXFrameworksBuildPhase section */

/* Begin PBXGroup section */
		EDBE3EBE2A12D065001A4660 = {
			isa = PBXGroup;
			children = (
				EDBE3EC92A12D065001A4660 /* Talker2 */,
				EDBE3EDB2A12D066001A4660 /* Talker2Tests */,
				EDBE3EE52A12D066001A4660 /* Talker2UITests */,
				EDBE3EC82A12D065001A4660 /* Products */,
			);
			sourceTree = "<group>";
		};
		EDBE3EC82A12D065001A4660 /* Products */ = {
			isa = PBXGroup;
			children = (
				EDBE3EC72A12D065001A4660 /* Talker2.app */,
				EDBE3ED82A12D066001A4660 /* Talker2Tests.xctest */,
				EDBE3EE22A12D066001A4660 /* Talker2UITests.xctest */,
			);
			name = Products;
			sourceTree = "<group>";
		};
		EDBE3EC92A12D065001A4660 /* Talker2 */ = {
			isa = PBXGroup;
			children = (
				EDBE3ECA2A12D065001A4660 /* Talker2App.swift */,
				EDBE3ECC2A12D065001A4660 /* ContentView.swift */,
				EDBE3ECE2A12D066001A4660 /* Assets.xcassets */,
				EDBE3ED32A12D066001A4660 /* Talker2.entitlements */,
				EDBE3ED02A12D066001A4660 /* Preview Content */,
			);
			path = Talker2;
			sourceTree = "<group>";
		};
		EDBE3ED02A12D066001A4660 /* Preview Content */ = {
			isa = PBXGroup;
			children = (
				EDBE3ED12A12D066001A4660 /* Preview Assets.xcassets */,
			);
			path = "Preview Content";
			sourceTree = "<group>";
		};
		EDBE3EDB2A12D066001A4660 /* Talker2Tests */ = {
			isa = PBXGroup;
			children = (
				EDBE3EDC2A12D066001A4660 /* Talker2Tests.swift */,
			);
			path = Talker2Tests;
			sourceTree = "<group>";
		};
		EDBE3EE52A12D066001A4660 /* Talker2UITests */ = {
			isa = PBXGroup;
			children = (
				EDBE3EE62A12D066001A4660 /* Talker2UITests.swift */,
				EDBE3EE82A12D066001A4660 /* Talker2UITestsLaunchTests.swift */,
			);
			path = Talker2UITests;
			sourceTree = "<group>";
		};
/* End PBXGroup section */

/* Begin PBXNativeTarget section */
		EDBE3EC62A12D065001A4660 /* Talker2 */ = {
			isa = PBXNativeTarget;
			buildConfigurationList = EDBE3EEC2A12D066001A4660 /* Build configuration list for PBXNativeTarget "Talker2" */;
			buildPhases = (
				EDBE3EC32A12D065001A4660 /* Sources */,
				EDBE3EC42A12D065001A4660 /* Frameworks */,
				EDBE3EC52A12D065001A4660 /* Resources */,
			);
			buildRules = (
			);
			dependencies = (
			);
			name = Talker2;
			productName = Talker2;
			productReference = EDBE3EC72A12D065001A4660 /* Talker2.app */;
			productType = "com.apple.product-type.application";
		};
		EDBE3ED72A12D066001A4660 /* Talker2Tests */ = {
			isa = PBXNativeTarget;
			buildConfigurationList = EDBE3EEF2A12D066001A4660 /* Build configuration list for PBXNativeTarget "Talker2Tests" */;
			buildPhases = (
				EDBE3ED42A12D066001A4660 /* Sources */,
				EDBE3ED52A12D066001A4660 /* Frameworks */,
				EDBE3ED62A12D066001A4660 /* Resources */,
			);
			buildRules = (
			);
			dependencies = (
				EDBE3EDA2A12D066001A4660 /* PBXTargetDependency */,
			);
			name = Talker2Tests;
			productName = Talker2Tests;
			productReference = EDBE3ED82A12D066001A4660 /* Talker2Tests.xctest */;
			productType = "com.apple.product-type.bundle.unit-test";
		};
		EDBE3EE12A12D066001A4660 /* Talker2UITests */ = {
			isa = PBXNativeTarget;
			buildConfigurationList = EDBE3EF22A12D066001A4660 /* Build configuration list for PBXNativeTarget "Talker2UITests" */;
			buildPhases = (
				EDBE3EDE2A12D066001A4660 /* Sources */,
				EDBE3EDF2A12D066001A4660 /* Frameworks */,
				EDBE3EE02A12D066001A4660 /* Resources */,
			);
			buildRules = (
			);
			dependencies = (
				EDBE3EE42A12D066001A4660 /* PBXTargetDependency */,
			);
			name = Talker2UITests;
			productName = Talker2UITests;
			productReference = EDBE3EE22A12D066001A4660 /* Talker2UITests.xctest */;
			productType = "com.apple.product-type.bundle.ui-testing";
		};
/* End PBXNativeTarget section */

/* Begin PBXProject section */
		EDBE3EBF2A12D065001A4660 /* Project object */ = {
			isa = PBXProject;
			attributes = {
				BuildIndependentTargetsInParallel = 1;
				LastSwiftUpdateCheck = 1420;
				LastUpgradeCheck = 1420;
				TargetAttributes = {
					EDBE3EC62A12D065001A4660 = {
						CreatedOnToolsVersion = 14.2;
					};
					EDBE3ED72A12D066001A4660 = {
						CreatedOnToolsVersion = 14.2;
						TestTargetID = EDBE3EC62A12D065001A4660;
					};
					EDBE3EE12A12D066001A4660 = {
						CreatedOnToolsVersion = 14.2;
						TestTargetID = EDBE3EC62A12D065001A4660;
					};
				};
			};
			buildConfigurationList = EDBE3EC22A12D065001A4660 /* Build configuration list for PBXProject "Talker2" */;
			compatibilityVersion = "Xcode 14.0";
			developmentRegion = en;
			hasScannedForEncodings = 0;
			knownRegions = (
				en,
				Base,
			);
			mainGroup = EDBE3EBE2A12D065001A4660;
			productRefGroup = EDBE3EC82A12D065001A4660 /* Products */;
			projectDirPath = "";
			projectRoot = "";
			targets = (
				EDBE3EC62A12D065001A4660 /* Talker2 */,
				EDBE3ED72A12D066001A4660 /* Talker2Tests */,
				EDBE3EE12A12D066001A4660 /* Talker2UITests */,
			);
		};
/* End PBXProject section */

/* Begin PBXResourcesBuildPhase section */
		EDBE3EC52A12D065001A4660 /* Resources */ = {
			isa = PBXResourcesBuildPhase;
			buildActionMask = 2147483647;
			files = (
				EDBE3ED22A12D066001A4660 /* Preview Assets.xcassets in Resources */,
				EDBE3ECF2A12D066001A4660 /* Assets.xcassets in Resources */,
			);
			runOnlyForDeploymentPostprocessing = 0;
		};
		EDBE3ED62A12D066001A4660 /* Resources */ = {
			isa = PBXResourcesBuildPhase;
			buildActionMask = 2147483647;
			files = (
			);
			runOnlyForDeploymentPostprocessing = 0;
		};
		EDBE3EE02A12D066001A4660 /* Resources */ = {
			isa = PBXResourcesBuildPhase;
			buildActionMask = 2147483647;
			files = (
			);
			runOnlyForDeploymentPostprocessing = 0;
		};
/* End PBXResourcesBuildPhase section */

/* Begin PBXSourcesBuildPhase section */
		EDBE3EC32A12D065001A4660 /* Sources */ = {
			isa = PBXSourcesBuildPhase;
			buildActionMask = 2147483647;
			files = (
				EDBE3ECD2A12D065001A4660 /* ContentView.swift in Sources */,
				EDBE3ECB2A12D065001A4660 /* Talker2App.swift in Sources */,
			);
			runOnlyForDeploymentPostprocessing = 0;
		};
		EDBE3ED42A12D066001A4660 /* Sources */ = {
			isa = PBXSourcesBuildPhase;
			buildActionMask = 2147483647;
			files = (
				EDBE3EDD2A12D066001A4660 /* Talker2Tests.swift in Sources */,
			);
			runOnlyForDeploymentPostprocessing = 0;
		};
		EDBE3EDE2A12D066001A4660 /* Sources */ = {
			isa = PBXSourcesBuildPhase;
			buildActionMask = 2147483647;
			files = (
				EDBE3EE92A12D066001A4660 /* Talker2UITestsLaunchTests.swift in Sources */,
				EDBE3EE72A12D066001A4660 /* Talker2UITests.swift in Sources */,
			);
			runOnlyForDeploymentPostprocessing = 0;
		};
/* End PBXSourcesBuildPhase section */

/* Begin PBXTargetDependency section */
		EDBE3EDA2A12D066001A4660 /* PBXTargetDependency */ = {
			isa = PBXTargetDependency;
			target = EDBE3EC62A12D065001A4660 /* Talker2 */;
			targetProxy = EDBE3ED92A12D066001A4660 /* PBXContainerItemProxy */;
		};
		EDBE3EE42A12D066001A4660 /* PBXTargetDependency */ = {
			isa = PBXTargetDependency;
			target = EDBE3EC62A12D065001A4660 /* Talker2 */;
			targetProxy = EDBE3EE32A12D066001A4660 /* PBXContainerItemProxy */;
		};
/* End PBXTargetDependency section */

/* Begin XCBuildConfiguration section */
		EDBE3EEA2A12D066001A4660 /* Debug */ = {
			isa = XCBuildConfiguration;
			buildSettings = {
				ALWAYS_SEARCH_USER_PATHS = NO;
				CLANG_ANALYZER_NONNULL = YES;
				CLANG_ANALYZER_NUMBER_OBJECT_CONVERSION = YES_AGGRESSIVE;
				CLANG_CXX_LANGUAGE_STANDARD = "gnu++20";
				CLANG_ENABLE_MODULES = YES;
				CLANG_ENABLE_OBJC_ARC = YES;
				CLANG_ENABLE_OBJC_WEAK = YES;
				CLANG_WARN_BLOCK_CAPTURE_AUTORELEASING = YES;
				CLANG_WARN_BOOL_CONVERSION = YES;
				CLANG_WARN_COMMA = YES;
				CLANG_WARN_CONSTANT_CONVERSION = YES;
				CLANG_WARN_DEPRECATED_OBJC_IMPLEMENTATIONS = YES;
				CLANG_WARN_DIRECT_OBJC_ISA_USAGE = YES_ERROR;
				CLANG_WARN_DOCUMENTATION_COMMENTS = YES;
				CLANG_WARN_EMPTY_BODY = YES;
				CLANG_WARN_ENUM_CONVERSION = YES;
				CLANG_WARN_INFINITE_RECURSION = YES;
				CLANG_WARN_INT_CONVERSION = YES;
				CLANG_WARN_NON_LITERAL_NULL_CONVERSION = YES;
				CLANG_WARN_OBJC_IMPLICIT_RETAIN_SELF = YES;
				CLANG_WARN_OBJC_LITERAL_CONVERSION = YES;
				CLANG_WARN_OBJC_ROOT_CLASS = YES_ERROR;
				CLANG_WARN_QUOTED_INCLUDE_IN_FRAMEWORK_HEADER = YES;
				CLANG_WARN_RANGE_LOOP_ANALYSIS = YES;
				CLANG_WARN_STRICT_PROTOTYPES = YES;
				CLANG_WARN_SUSPICIOUS_MOVE = YES;
				CLANG_WARN_UNGUARDED_AVAILABILITY = YES_AGGRESSIVE;
				CLANG_WARN_UNREACHABLE_CODE = YES;
				CLANG_WARN__DUPLICATE_METHOD_MATCH = YES;
				COPY_PHASE_STRIP = NO;
				DEBUG_INFORMATION_FORMAT = dwarf;
				ENABLE_STRICT_OBJC_MSGSEND = YES;
				ENABLE_TESTABILITY = YES;
				GCC_C_LANGUAGE_STANDARD = gnu11;
				GCC_DYNAMIC_NO_PIC = NO;
				GCC_NO_COMMON_BLOCKS = YES;
				GCC_OPTIMIZATION_LEVEL = 0;
				GCC_PREPROCESSOR_DEFINITIONS = (
					"DEBUG=1",
					"$(inherited)",
				);
				GCC_WARN_64_TO_32_BIT_CONVERSION = YES;
				GCC_WARN_ABOUT_RETURN_TYPE = YES_ERROR;
				GCC_WARN_UNDECLARED_SELECTOR = YES;
				GCC_WARN_UNINITIALIZED_AUTOS = YES_AGGRESSIVE;
				GCC_WARN_UNUSED_FUNCTION = YES;
				GCC_WARN_UNUSED_VARIABLE = YES;
				MACOSX_DEPLOYMENT_TARGET = 13.1;
				MTL_ENABLE_DEBUG_INFO = INCLUDE_SOURCE;
				MTL_FAST_MATH = YES;
				ONLY_ACTIVE_ARCH = YES;
				SDKROOT = macosx;
				SWIFT_ACTIVE_COMPILATION_CONDITIONS = DEBUG;
				SWIFT_OPTIMIZATION_LEVEL = "-Onone";
			};
			name = Debug;
		};
		EDBE3EEB2A12D066001A4660 /* Release */ = {
			isa = XCBuildConfiguration;
			buildSettings = {
				ALWAYS_SEARCH_USER_PATHS = NO;
				CLANG_ANALYZER_NONNULL = YES;
				CLANG_ANALYZER_NUMBER_OBJECT_CONVERSION = YES_AGGRESSIVE;
				CLANG_CXX_LANGUAGE_STANDARD = "gnu++20";
				CLANG_ENABLE_MODULES = YES;
				CLANG_ENABLE_OBJC_ARC = YES;
				CLANG_ENABLE_OBJC_WEAK = YES;
				CLANG_WARN_BLOCK_CAPTURE_AUTORELEASING = YES;
				CLANG_WARN_BOOL_CONVERSION = YES;
				CLANG_WARN_COMMA = YES;
				CLANG_WARN_CONSTANT_CONVERSION = YES;
				CLANG_WARN_DEPRECATED_OBJC_IMPLEMENTATIONS = YES;
				CLANG_WARN_DIRECT_OBJC_ISA_USAGE = YES_ERROR;
				CLANG_WARN_DOCUMENTATION_COMMENTS = YES;
				CLANG_WARN_EMPTY_BODY = YES;
				CLANG_WARN_ENUM_CONVERSION = YES;
				CLANG_WARN_INFINITE_RECURSION = YES;
				CLANG_WARN_INT_CONVERSION = YES;
				CLANG_WARN_NON_LITERAL_NULL_CONVERSION = YES;
				CLANG_WARN_OBJC_IMPLICIT_RETAIN_SELF = YES;
				CLANG_WARN_OBJC_LITERAL_CONVERSION = YES;
				CLANG_WARN_OBJC_ROOT_CLASS = YES_ERROR;
				CLANG_WARN_QUOTED_INCLUDE_IN_FRAMEWORK_HEADER = YES;
				CLANG_WARN_RANGE_LOOP_ANALYSIS = YES;
				CLANG_WARN_STRICT_PROTOTYPES = YES;
				CLANG_WARN_SUSPICIOUS_MOVE = YES;
				CLANG_WARN_UNGUARDED_AVAILABILITY = YES_AGGRESSIVE;
				CLANG_WARN_UNREACHABLE_CODE = YES;
				CLANG_WARN__DUPLICATE_METHOD_MATCH = YES;
				COPY_PHASE_STRIP = NO;
				DEBUG_INFORMATION_FORMAT = "dwarf-with-dsym";
				ENABLE_NS_ASSERTIONS = NO;
				ENABLE_STRICT_OBJC_MSGSEND = YES;
				GCC_C_LANGUAGE_STANDARD = gnu11;
				GCC_NO_COMMON_BLOCKS = YES;
				GCC_WARN_64_TO_32_BIT_CONVERSION = YES;
				GCC_WARN_ABOUT_RETURN_TYPE = YES_ERROR;
				GCC_WARN_UNDECLARED_SELECTOR = YES;
				GCC_WARN_UNINITIALIZED_AUTOS = YES_AGGRESSIVE;
				GCC_WARN_UNUSED_FUNCTION = YES;
				GCC_WARN_UNUSED_VARIABLE = YES;
				MACOSX_DEPLOYMENT_TARGET = 13.1;
				MTL_ENABLE_DEBUG_INFO = NO;
				MTL_FAST_MATH = YES;
				SDKROOT = macosx;
				SWIFT_COMPILATION_MODE = wholemodule;
				SWIFT_OPTIMIZATION_LEVEL = "-O";
			};
			name = Release;
		};
		EDBE3EED2A12D066001A4660 /* Debug */ = {
			isa = XCBuildConfiguration;
			buildSettings = {
				ASSETCATALOG_COMPILER_APPICON_NAME = AppIcon;
				ASSETCATALOG_COMPILER_GLOBAL_ACCENT_COLOR_NAME = AccentColor;
				CODE_SIGN_ENTITLEMENTS = Talker2/Talker2.entitlements;
				CODE_SIGN_STYLE = Automatic;
				COMBINE_HIDPI_IMAGES = YES;
				CURRENT_PROJECT_VERSION = 1;
				DEVELOPMENT_ASSET_PATHS = "\"Talker2/Preview Content\"";
				DEVELOPMENT_TEAM = HLMHFK25GJ;
				ENABLE_HARDENED_RUNTIME = YES;
				ENABLE_PREVIEWS = YES;
				GENERATE_INFOPLIST_FILE = YES;
				INFOPLIST_KEY_NSHumanReadableCopyright = "";
				LD_RUNPATH_SEARCH_PATHS = (
					"$(inherited)",
					"@executable_path/../Frameworks",
				);
				MARKETING_VERSION = 1.0;
				PRODUCT_BUNDLE_IDENTIFIER = "cole-labs.Talker2";
				PRODUCT_NAME = "$(TARGET_NAME)";
				SWIFT_EMIT_LOC_STRINGS = YES;
				SWIFT_VERSION = 5.0;
			};
			name = Debug;
		};
		EDBE3EEE2A12D066001A4660 /* Release */ = {
			isa = XCBuildConfiguration;
			buildSettings = {
				ASSETCATALOG_COMPILER_APPICON_NAME = AppIcon;
				ASSETCATALOG_COMPILER_GLOBAL_ACCENT_COLOR_NAME = AccentColor;
				CODE_SIGN_ENTITLEMENTS = Talker2/Talker2.entitlements;
				CODE_SIGN_STYLE = Automatic;
				COMBINE_HIDPI_IMAGES = YES;
				CURRENT_PROJECT_VERSION = 1;
				DEVELOPMENT_ASSET_PATHS = "\"Talker2/Preview Content\"";
				DEVELOPMENT_TEAM = HLMHFK25GJ;
				ENABLE_HARDENED_RUNTIME = YES;
				ENABLE_PREVIEWS = YES;
				GENERATE_INFOPLIST_FILE = YES;
				INFOPLIST_KEY_NSHumanReadableCopyright = "";
				LD_RUNPATH_SEARCH_PATHS = (
					"$(inherited)",
					"@executable_path/../Frameworks",
				);
				MARKETING_VERSION = 1.0;
				PRODUCT_BUNDLE_IDENTIFIER = "cole-labs.Talker2";
				PRODUCT_NAME = "$(TARGET_NAME)";
				SWIFT_EMIT_LOC_STRINGS = YES;
				SWIFT_VERSION = 5.0;
			};
			name = Release;
		};
		EDBE3EF02A12D066001A4660 /* Debug */ = {
			isa = XCBuildConfiguration;
			buildSettings = {
				ALWAYS_EMBED_SWIFT_STANDARD_LIBRARIES = YES;
				BUNDLE_LOADER = "$(TEST_HOST)";
				CODE_SIGN_STYLE = Automatic;
				CURRENT_PROJECT_VERSION = 1;
				DEVELOPMENT_TEAM = HLMHFK25GJ;
				GENERATE_INFOPLIST_FILE = YES;
				MACOSX_DEPLOYMENT_TARGET = 13.1;
				MARKETING_VERSION = 1.0;
				PRODUCT_BUNDLE_IDENTIFIER = "cole-labs.Talker2Tests";
				PRODUCT_NAME = "$(TARGET_NAME)";
				SWIFT_EMIT_LOC_STRINGS = NO;
				SWIFT_VERSION = 5.0;
				TEST_HOST = "$(BUILT_PRODUCTS_DIR)/Talker2.app/$(BUNDLE_EXECUTABLE_FOLDER_PATH)/Talker2";
			};
			name = Debug;
		};
		EDBE3EF12A12D066001A4660 /* Release */ = {
			isa = XCBuildConfiguration;
			buildSettings = {
				ALWAYS_EMBED_SWIFT_STANDARD_LIBRARIES = YES;
				BUNDLE_LOADER = "$(TEST_HOST)";
				CODE_SIGN_STYLE = Automatic;
				CURRENT_PROJECT_VERSION = 1;
				DEVELOPMENT_TEAM = HLMHFK25GJ;
				GENERATE_INFOPLIST_FILE = YES;
				MACOSX_DEPLOYMENT_TARGET = 13.1;
				MARKETING_VERSION = 1.0;
				PRODUCT_BUNDLE_IDENTIFIER = "cole-labs.Talker2Tests";
				PRODUCT_NAME = "$(TARGET_NAME)";
				SWIFT_EMIT_LOC_STRINGS = NO;
				SWIFT_VERSION = 5.0;
				TEST_HOST = "$(BUILT_PRODUCTS_DIR)/Talker2.app/$(BUNDLE_EXECUTABLE_FOLDER_PATH)/Talker2";
			};
			name = Release;
		};
		EDBE3EF32A12D066001A4660 /* Debug */ = {
			isa = XCBuildConfiguration;
			buildSettings = {
				ALWAYS_EMBED_SWIFT_STANDARD_LIBRARIES = YES;
				CODE_SIGN_STYLE = Automatic;
				CURRENT_PROJECT_VERSION = 1;
				DEVELOPMENT_TEAM = HLMHFK25GJ;
				GENERATE_INFOPLIST_FILE = YES;
				MARKETING_VERSION = 1.0;
				PRODUCT_BUNDLE_IDENTIFIER = "cole-labs.Talker2UITests";
				PRODUCT_NAME = "$(TARGET_NAME)";
				SWIFT_EMIT_LOC_STRINGS = NO;
				SWIFT_VERSION = 5.0;
				TEST_TARGET_NAME = Talker2;
			};
			name = Debug;
		};
		EDBE3EF42A12D066001A4660 /* Release */ = {
			isa = XCBuildConfiguration;
			buildSettings = {
				ALWAYS_EMBED_SWIFT_STANDARD_LIBRARIES = YES;
				CODE_SIGN_STYLE = Automatic;
				CURRENT_PROJECT_VERSION = 1;
				DEVELOPMENT_TEAM = HLMHFK25GJ;
				GENERATE_INFOPLIST_FILE = YES;
				MARKETING_VERSION = 1.0;
				PRODUCT_BUNDLE_IDENTIFIER = "cole-labs.Talker2UITests";
				PRODUCT_NAME = "$(TARGET_NAME)";
				SWIFT_EMIT_LOC_STRINGS = NO;
				SWIFT_VERSION = 5.0;
				TEST_TARGET_NAME = Talker2;
			};
			name = Release;
		};
/* End XCBuildConfiguration section */

/* Begin XCConfigurationList section */
		EDBE3EC22A12D065001A4660 /* Build configuration list for PBXProject "Talker2" */ = {
			isa = XCConfigurationList;
			buildConfigurations = (
				EDBE3EEA2A12D066001A4660 /* Debug */,
				EDBE3EEB2A12D066001A4660 /* Release */,
			);
			defaultConfigurationIsVisible = 0;
			defaultConfigurationName = Release;
		};
		EDBE3EEC2A12D066001A4660 /* Build configuration list for PBXNativeTarget "Talker2" */ = {
			isa = XCConfigurationList;
			buildConfigurations = (
				EDBE3EED2A12D066001A4660 /* Debug */,
				EDBE3EEE2A12D066001A4660 /* Release */,
			);
			defaultConfigurationIsVisible = 0;
			defaultConfigurationName = Release;
		};
		EDBE3EEF2A12D066001A4660 /* Build configuration list for PBXNativeTarget "Talker2Tests" */ = {
			isa = XCConfigurationList;
			buildConfigurations = (
				EDBE3EF02A12D066001A4660 /* Debug */,
				EDBE3EF12A12D066001A4660 /* Release */,
			);
			defaultConfigurationIsVisible = 0;
			defaultConfigurationName = Release;
		};
		EDBE3EF22A12D066001A4660 /* Build configuration list for PBXNativeTarget "Talker2UITests" */ = {
			isa = XCConfigurationList;
			buildConfigurations = (
				EDBE3EF32A12D066001A4660 /* Debug */,
				EDBE3EF42A12D066001A4660 /* Release */,
			);
			defaultConfigurationIsVisible = 0;
			defaultConfigurationName = Release;
		};
/* End XCConfigurationList section */
	};
	rootObject = EDBE3EBF2A12D065001A4660 /* Project object */;
}
